
Microsoft Visual Studio Solution File, Format Version 12.00
# Visual Studio 2013
VisualStudioVersion = 12.0.21005.1
MinimumVisualStudioVersion = 10.0.40219.1
Project("{FAE04EC0-301F-11D3-BF4B-00C04F79EFBC}") = "2ToWin.Prisma.BasicWCFService", "BasicWCFService\2ToWin.Prisma.BasicWCFService.csproj", "{DDB90752-68B8-48E6-AAD4-0C7C6CB158F7}"
EndProject
Project("{FAE04EC0-301F-11D3-BF4B-00C04F79EFBC}") = "BasicMvcApp", "BasicMvcApp\BasicMvcApp.csproj", "{80B64472-E2C5-44B6-8FC6-604B61DF2245}"
	ProjectSection(ProjectDependencies) = postProject
		{DDB90752-68B8-48E6-AAD4-0C7C6CB158F7} = {DDB90752-68B8-48E6-AAD4-0C7C6CB158F7}
	EndProjectSection
EndProject
Global
	GlobalSection(SolutionConfigurationPlatforms) = preSolution
		Debug|Any CPU = Debug|Any CPU
		Release|Any CPU = Release|Any CPU
	EndGlobalSection
	GlobalSection(ProjectConfigurationPlatforms) = postSolution
		{DDB90752-68B8-48E6-AAD4-0C7C6CB158F7}.Debug|Any CPU.ActiveCfg = Debug|Any CPU
		{DDB90752-68B8-48E6-AAD4-0C7C6CB158F7}.Debug|Any CPU.Build.0 = Debug|Any CPU
		{DDB90752-68B8-48E6-AAD4-0C7C6CB158F7}.Release|Any CPU.ActiveCfg = Release|Any CPU
		{DDB90752-68B8-48E6-AAD4-0C7C6CB158F7}.Release|Any CPU.Build.0 = Release|Any CPU
		{80B64472-E2C5-44B6-8FC6-604B61DF2245}.Debug|Any CPU.ActiveCfg = Debug|Any CPU
		{80B64472-E2C5-44B6-8FC6-604B61DF2245}.Debug|Any CPU.Build.0 = Debug|Any CPU
		{80B64472-E2C5-44B6-8FC6-604B61DF2245}.Release|Any CPU.ActiveCfg = Release|Any CPU
		{80B64472-E2C5-44B6-8FC6-604B61DF2245}.Release|Any CPU.Build.0 = Release|Any CPU
	EndGlobalSection
	GlobalSection(SolutionProperties) = preSolution
		HideSolutionNode = FALSE
	EndGlobalSection
	GlobalSection(ExtensibilityGlobals) = postSolution
		EnterpriseLibraryConfigurationToolBinariesPathV6 = packages\EnterpriseLibrary.TransientFaultHandling.6.0.1304.0\lib\portable-net45+win+wp8;packages\EnterpriseLibrary.TransientFaultHandling.Data.6.0.1304.1\lib\NET45;packages\EnterpriseLibrary.Common.6.0.1304.0\lib\NET45;packages\EnterpriseLibrary.Validation.6.0.1304.0\lib\NET45
	EndGlobalSection
EndGlobal
